
Microsoft Visual Studio Solution File, Format Version 12.00
# Visual Studio Version 16
VisualStudioVersion = 16.0.31515.178
MinimumVisualStudioVersion = 10.0.40219.1
Project("{FAE04EC0-301F-11D3-BF4B-00C04F79EFBC}") = "CustomRole", "CustomRole\CustomRole.csproj", "{928F9A8E-4B05-47B5-B657-F9EF2C3A1848}"
EndProject
Global
	GlobalSection(SolutionConfigurationPlatforms) = preSolution
		Debug|Any CPU = Debug|Any CPU
		Release|Any CPU = Release|Any CPU
	EndGlobalSection
	GlobalSection(ProjectConfigurationPlatforms) = postSolution
		{928F9A8E-4B05-47B5-B657-F9EF2C3A1848}.Debug|Any CPU.ActiveCfg = Debug|Any CPU
		{928F9A8E-4B05-47B5-B657-F9EF2C3A1848}.Debug|Any CPU.Build.0 = Debug|Any CPU
		{928F9A8E-4B05-47B5-B657-F9EF2C3A1848}.Release|Any CPU.ActiveCfg = Release|Any CPU
		{928F9A8E-4B05-47B5-B657-F9EF2C3A1848}.Release|Any CPU.Build.0 = Release|Any CPU
	EndGlobalSection
	GlobalSection(SolutionProperties) = preSolution
		HideSolutionNode = FALSE
	EndGlobalSection
	GlobalSection(ExtensibilityGlobals) = postSolution
		SolutionGuid = {CAAE940B-BE4D-45C4-9280-962A836F7473}
	EndGlobalSection
EndGlobal
